{
  "name": "lbs-lead-intake",
  "version": "1.0.0",
  "lockfileVersion": 2,
  "requires": true,
  "packages": {
    "": {
      "name": "lbs-lead-intake",
      "version": "1.0.0",
      "license": "ISC",
      "dependencies": {
        "dotenv": "^16.0.3",
        "express": "^4.18.2",
        "express-session": "^1.17.3",
        "googleapis": "^126.0.1",
        "node-fetch": "^2.7.0"
      }
    },
    "node_modules/dotenv": {
      "version": "16.6.1",
      "resolved": "https://registry.npmjs.org/dotenv/-/dotenv-16.6.1.tgz",
      "integrity": "sha512-/BeyHgqkDFizoTbqCmq9kFMGpJuTvGRJlSr0GG5DZWY8M/PBMcLgFNWBpOhZ/lMNDClDlwG+2LMR4pI7KIGA==",
      "engines": {
        "node": ">=12"
      }
    },
    "node_modules/express": {
      "version": "4.22.1",
      "resolved": "https://registry.npmjs.org/express/-/express-4.22.1.tgz",
      "integrity": "sha512-GX6hNEGFEQ4Z1ANNVpRstOoQFIEHbGrkJIS/OFNFVkKvsEFsyKiqfE1nR7jGZDM6CVFPleVBg5bNf7lBqrBpQ==",
      "engines": {
        "node": ">= 0.10.0"
      }
    },
    "node_modules/express-session": {
      "version": "1.19.0",
      "resolved": "https://registry.npmjs.org/express-session/-/express-session-1.19.0.tgz",
      "integrity": "sha512-oEABDGMNSWRxeKMSFVkdEm6lTbeZ5bDRcOCa9lLJ28fZJyMGRCbpSLhZTJSs9/HLv1WRVJmJIJkyucvXQHkA==",
      "engines": {
        "node": ">= 0.8.0"
      }
    },
    "node_modules/googleapis": {
      "version": "126.0.1",
      "resolved": "https://registry.npmjs.org/googleapis/-/googleapis-126.0.1.tgz",
      "integrity": "sha512-Z4CNs0bKJbVIuSKZQ7E6VJlf5MbJk5NqF8wjl3FsHVKT75vBl8i5DcYhnWnNOEk2UPCzXJCz0kFJ/vT6BPOA=="
    },
    "node_modules/node-fetch": {
      "version": "2.7.0",
      "resolved": "https://registry.npmjs.org/node-fetch/-/node-fetch-2.7.0.tgz",
      "integrity": "sha512-c4FRfUm/dbcWZ7U+1Wq0AwCyFL+3nt2bEw05wfxSz+DWpWsitgmSgYmy2dQdWyKC1694ELPqMs/YzUSNozLt8==",
      "engines": {
        "node": "4.x || >=6.0.0"
      }
    }
  }
}
